
Microsoft Visual Studio Solution File, Format Version 12.00
# Visual Studio Version 17
VisualStudioVersion = 17.8.34601.278
MinimumVisualStudioVersion = 10.0.40219.1
Project("{9A19103F-16F7-4668-BE54-9A1E7A4F7556}") = "CleanCodeJN.GenericApis", "CleanCodeJN.GenericApis\CleanCodeJN.GenericApis.csproj", "{DA4DF77F-6852-4705-A38E-F71BA198DBB5}"
EndProject
Project("{9A19103F-16F7-4668-BE54-9A1E7A4F7556}") = "CleanCodeJN.GenericApis.Sample", "CleanCodeJN.GenericApis.Sample\CleanCodeJN.GenericApis.Sample.csproj", "{0E222085-B39A-4EC6-9381-63B5A25834DF}"
EndProject
Project("{9A19103F-16F7-4668-BE54-9A1E7A4F7556}") = "CleanCodeJN.GenericApis.Abstractions", "CleanCodeJN.GenericApis.Abstractions\CleanCodeJN.GenericApis.Abstractions.csproj", "{C46DB661-7316-420E-A0B3-0AFC04F597C1}"
EndProject
Project("{9A19103F-16F7-4668-BE54-9A1E7A4F7556}") = "CleanCodeJN.GenericApis.Sample.Business", "CleanCodeJN.GenericApis.Sample.Business\CleanCodeJN.GenericApis.Sample.Business.csproj", "{E2BF90E8-DA4A-47B4-93DC-34E64E499AA4}"
EndProject
Project("{9A19103F-16F7-4668-BE54-9A1E7A4F7556}") = "CleanCodeJN.GenericApis.Sample.Core", "CleanCodeJN.GenericApis.Sample.Core\CleanCodeJN.GenericApis.Sample.Core.csproj", "{F0539D9D-D9BD-45E4-A2EF-AA6C817D9CC2}"
EndProject
Project("{9A19103F-16F7-4668-BE54-9A1E7A4F7556}") = "CleanCodeJN.GenericApis.Sample.Domain", "CleanCodeJN.GenericApis.Sample.Domain\CleanCodeJN.GenericApis.Sample.Domain.csproj", "{880B75CD-EAA1-4F7A-AE69-351F35FE7699}"
EndProject
Project("{9A19103F-16F7-4668-BE54-9A1E7A4F7556}") = "CleanCodeJN.GenericApis.Sample.DataAccess", "CleanCodeJN.GenericApis.Sample.DataAccess\CleanCodeJN.GenericApis.Sample.DataAccess.csproj", "{1C61EC50-A88E-4665-BB34-77212572AE05}"
EndProject
Project("{9A19103F-16F7-4668-BE54-9A1E7A4F7556}") = "CleanCodeJN.GenericApis.ServiceBusConsumer", "CleanCodeJN.GenericApis.ServiceBusConsumer\CleanCodeJN.GenericApis.ServiceBusConsumer.csproj", "{10B08557-5C8A-425A-A876-979C12206253}"
EndProject
Project("{9A19103F-16F7-4668-BE54-9A1E7A4F7556}") = "CleanCodeJN.GenericApis.ServiceBusConsumer.Sample", "CleanCodeJN.GenericApis.ServiceBusConsumer.Sample\CleanCodeJN.GenericApis.ServiceBusConsumer.Sample.csproj", "{B1094875-3B14-4857-845F-455C4486762C}"
EndProject
Project("{FAE04EC0-301F-11D3-BF4B-00C04F79EFBC}") = "CleanCodeJN.GenericApis.Tests", "CleanCodeJN.GenericApis.Tests\CleanCodeJN.GenericApis.Tests.csproj", "{112767D1-A59E-4E77-8CDF-668325AFCC78}"
EndProject
Global
	GlobalSection(SolutionConfigurationPlatforms) = preSolution
		Debug|Any CPU = Debug|Any CPU
		Release|Any CPU = Release|Any CPU
	EndGlobalSection
	GlobalSection(ProjectConfigurationPlatforms) = postSolution
		{DA4DF77F-6852-4705-A38E-F71BA198DBB5}.Debug|Any CPU.ActiveCfg = Debug|Any CPU
		{DA4DF77F-6852-4705-A38E-F71BA198DBB5}.Debug|Any CPU.Build.0 = Debug|Any CPU
		{DA4DF77F-6852-4705-A38E-F71BA198DBB5}.Release|Any CPU.ActiveCfg = Release|Any CPU
		{DA4DF77F-6852-4705-A38E-F71BA198DBB5}.Release|Any CPU.Build.0 = Release|Any CPU
		{0E222085-B39A-4EC6-9381-63B5A25834DF}.Debug|Any CPU.ActiveCfg = Debug|Any CPU
		{0E222085-B39A-4EC6-9381-63B5A25834DF}.Debug|Any CPU.Build.0 = Debug|Any CPU
		{0E222085-B39A-4EC6-9381-63B5A25834DF}.Release|Any CPU.ActiveCfg = Release|Any CPU
		{0E222085-B39A-4EC6-9381-63B5A25834DF}.Release|Any CPU.Build.0 = Release|Any CPU
		{C46DB661-7316-420E-A0B3-0AFC04F597C1}.Debug|Any CPU.ActiveCfg = Debug|Any CPU
		{C46DB661-7316-420E-A0B3-0AFC04F597C1}.Debug|Any CPU.Build.0 = Debug|Any CPU
		{C46DB661-7316-420E-A0B3-0AFC04F597C1}.Release|Any CPU.ActiveCfg = Release|Any CPU
		{C46DB661-7316-420E-A0B3-0AFC04F597C1}.Release|Any CPU.Build.0 = Release|Any CPU
		{E2BF90E8-DA4A-47B4-93DC-34E64E499AA4}.Debug|Any CPU.ActiveCfg = Debug|Any CPU
		{E2BF90E8-DA4A-47B4-93DC-34E64E499AA4}.Debug|Any CPU.Build.0 = Debug|Any CPU
		{E2BF90E8-DA4A-47B4-93DC-34E64E499AA4}.Release|Any CPU.ActiveCfg = Release|Any CPU
		{E2BF90E8-DA4A-47B4-93DC-34E64E499AA4}.Release|Any CPU.Build.0 = Release|Any CPU
		{F0539D9D-D9BD-45E4-A2EF-AA6C817D9CC2}.Debug|Any CPU.ActiveCfg = Debug|Any CPU
		{F0539D9D-D9BD-45E4-A2EF-AA6C817D9CC2}.Debug|Any CPU.Build.0 = Debug|Any CPU
		{F0539D9D-D9BD-45E4-A2EF-AA6C817D9CC2}.Release|Any CPU.ActiveCfg = Release|Any CPU
		{F0539D9D-D9BD-45E4-A2EF-AA6C817D9CC2}.Release|Any CPU.Build.0 = Release|Any CPU
		{880B75CD-EAA1-4F7A-AE69-351F35FE7699}.Debug|Any CPU.ActiveCfg = Debug|Any CPU
		{880B75CD-EAA1-4F7A-AE69-351F35FE7699}.Debug|Any CPU.Build.0 = Debug|Any CPU
		{880B75CD-EAA1-4F7A-AE69-351F35FE7699}.Release|Any CPU.ActiveCfg = Release|Any CPU
		{880B75CD-EAA1-4F7A-AE69-351F35FE7699}.Release|Any CPU.Build.0 = Release|Any CPU
		{1C61EC50-A88E-4665-BB34-77212572AE05}.Debug|Any CPU.ActiveCfg = Debug|Any CPU
		{1C61EC50-A88E-4665-BB34-77212572AE05}.Debug|Any CPU.Build.0 = Debug|Any CPU
		{1C61EC50-A88E-4665-BB34-77212572AE05}.Release|Any CPU.ActiveCfg = Release|Any CPU
		{1C61EC50-A88E-4665-BB34-77212572AE05}.Release|Any CPU.Build.0 = Release|Any CPU
		{10B08557-5C8A-425A-A876-979C12206253}.Debug|Any CPU.ActiveCfg = Debug|Any CPU
		{10B08557-5C8A-425A-A876-979C12206253}.Debug|Any CPU.Build.0 = Debug|Any CPU
		{10B08557-5C8A-425A-A876-979C12206253}.Release|Any CPU.ActiveCfg = Release|Any CPU
		{10B08557-5C8A-425A-A876-979C12206253}.Release|Any CPU.Build.0 = Release|Any CPU
		{B1094875-3B14-4857-845F-455C4486762C}.Debug|Any CPU.ActiveCfg = Debug|Any CPU
		{B1094875-3B14-4857-845F-455C4486762C}.Debug|Any CPU.Build.0 = Debug|Any CPU
		{B1094875-3B14-4857-845F-455C4486762C}.Release|Any CPU.ActiveCfg = Release|Any CPU
		{B1094875-3B14-4857-845F-455C4486762C}.Release|Any CPU.Build.0 = Release|Any CPU
		{112767D1-A59E-4E77-8CDF-668325AFCC78}.Debug|Any CPU.ActiveCfg = Debug|Any CPU
		{112767D1-A59E-4E77-8CDF-668325AFCC78}.Debug|Any CPU.Build.0 = Debug|Any CPU
		{112767D1-A59E-4E77-8CDF-668325AFCC78}.Release|Any CPU.ActiveCfg = Release|Any CPU
		{112767D1-A59E-4E77-8CDF-668325AFCC78}.Release|Any CPU.Build.0 = Release|Any CPU
	EndGlobalSection
	GlobalSection(SolutionProperties) = preSolution
		HideSolutionNode = FALSE
	EndGlobalSection
	GlobalSection(ExtensibilityGlobals) = postSolution
		SolutionGuid = {4FEEEA9D-012B-4BE7-87C8-2CE0DB2857CE}
	EndGlobalSection
EndGlobal
